
Microsoft Visual Studio Solution File, Format Version 12.00
# Visual Studio Version 17
VisualStudioVersion = 17.0.31903.59
MinimumVisualStudioVersion = 10.0.40219.1
Project("{FAE04EC0-301F-11D3-BF4B-00C04F79EFBC}") = "TaskForge.Api", "TaskForge.Api\TaskForge.Api.csproj", "{1110F8BE-8699-4AF8-BBEC-FB6166500D39}"
EndProject
Project("{FAE04EC0-301F-11D3-BF4B-00C04F79EFBC}") = "TaskForge.Application", "TaskForge.Application\TaskForge.Application.csproj", "{A539CEC7-ED1D-45C0-BD79-75FBBB647684}"
EndProject
Project("{FAE04EC0-301F-11D3-BF4B-00C04F79EFBC}") = "TaskForge.Domain", "TaskForge.Domain\TaskForge.Domain.csproj", "{5AF58E20-4DA0-4412-A29C-049BB6D9E873}"
EndProject
Project("{FAE04EC0-301F-11D3-BF4B-00C04F79EFBC}") = "TaskForge.Infrastructure", "TaskForge.Infrastructure\TaskForge.Infrastructure.csproj", "{E0B03FFB-CE72-4012-A87F-7134B4EB83CD}"
EndProject
Project("{FAE04EC0-301F-11D3-BF4B-00C04F79EFBC}") = "TaskForge.Tests", "TaskForge.Tests\TaskForge.Tests.csproj", "{813AB95B-1E32-4911-BCFB-EDCF11F07646}"
EndProject
Global
	GlobalSection(SolutionConfigurationPlatforms) = preSolution
		Debug|Any CPU = Debug|Any CPU
		Debug|x64 = Debug|x64
		Debug|x86 = Debug|x86
		Release|Any CPU = Release|Any CPU
		Release|x64 = Release|x64
		Release|x86 = Release|x86
	EndGlobalSection
	GlobalSection(ProjectConfigurationPlatforms) = postSolution
		{1110F8BE-8699-4AF8-BBEC-FB6166500D39}.Debug|Any CPU.ActiveCfg = Debug|Any CPU
		{1110F8BE-8699-4AF8-BBEC-FB6166500D39}.Debug|Any CPU.Build.0 = Debug|Any CPU
		{1110F8BE-8699-4AF8-BBEC-FB6166500D39}.Debug|x64.ActiveCfg = Debug|Any CPU
		{1110F8BE-8699-4AF8-BBEC-FB6166500D39}.Debug|x64.Build.0 = Debug|Any CPU
		{1110F8BE-8699-4AF8-BBEC-FB6166500D39}.Debug|x86.ActiveCfg = Debug|Any CPU
		{1110F8BE-8699-4AF8-BBEC-FB6166500D39}.Debug|x86.Build.0 = Debug|Any CPU
		{1110F8BE-8699-4AF8-BBEC-FB6166500D39}.Release|Any CPU.ActiveCfg = Release|Any CPU
		{1110F8BE-8699-4AF8-BBEC-FB6166500D39}.Release|Any CPU.Build.0 = Release|Any CPU
		{1110F8BE-8699-4AF8-BBEC-FB6166500D39}.Release|x64.ActiveCfg = Release|Any CPU
		{1110F8BE-8699-4AF8-BBEC-FB6166500D39}.Release|x64.Build.0 = Release|Any CPU
		{1110F8BE-8699-4AF8-BBEC-FB6166500D39}.Release|x86.ActiveCfg = Release|Any CPU
		{1110F8BE-8699-4AF8-BBEC-FB6166500D39}.Release|x86.Build.0 = Release|Any CPU
		{A539CEC7-ED1D-45C0-BD79-75FBBB647684}.Debug|Any CPU.ActiveCfg = Debug|Any CPU
		{A539CEC7-ED1D-45C0-BD79-75FBBB647684}.Debug|Any CPU.Build.0 = Debug|Any CPU
		{A539CEC7-ED1D-45C0-BD79-75FBBB647684}.Debug|x64.ActiveCfg = Debug|Any CPU
		{A539CEC7-ED1D-45C0-BD79-75FBBB647684}.Debug|x64.Build.0 = Debug|Any CPU
		{A539CEC7-ED1D-45C0-BD79-75FBBB647684}.Debug|x86.ActiveCfg = Debug|Any CPU
		{A539CEC7-ED1D-45C0-BD79-75FBBB647684}.Debug|x86.Build.0 = Debug|Any CPU
		{A539CEC7-ED1D-45C0-BD79-75FBBB647684}.Release|Any CPU.ActiveCfg = Release|Any CPU
		{A539CEC7-ED1D-45C0-BD79-75FBBB647684}.Release|Any CPU.Build.0 = Release|Any CPU
		{A539CEC7-ED1D-45C0-BD79-75FBBB647684}.Release|x64.ActiveCfg = Release|Any CPU
		{A539CEC7-ED1D-45C0-BD79-75FBBB647684}.Release|x64.Build.0 = Release|Any CPU
		{A539CEC7-ED1D-45C0-BD79-75FBBB647684}.Release|x86.ActiveCfg = Release|Any CPU
		{A539CEC7-ED1D-45C0-BD79-75FBBB647684}.Release|x86.Build.0 = Release|Any CPU
		{5AF58E20-4DA0-4412-A29C-049BB6D9E873}.Debug|Any CPU.ActiveCfg = Debug|Any CPU
		{5AF58E20-4DA0-4412-A29C-049BB6D9E873}.Debug|Any CPU.Build.0 = Debug|Any CPU
		{5AF58E20-4DA0-4412-A29C-049BB6D9E873}.Debug|x64.ActiveCfg = Debug|Any CPU
		{5AF58E20-4DA0-4412-A29C-049BB6D9E873}.Debug|x64.Build.0 = Debug|Any CPU
		{5AF58E20-4DA0-4412-A29C-049BB6D9E873}.Debug|x86.ActiveCfg = Debug|Any CPU
		{5AF58E20-4DA0-4412-A29C-049BB6D9E873}.Debug|x86.Build.0 = Debug|Any CPU
		{5AF58E20-4DA0-4412-A29C-049BB6D9E873}.Release|Any CPU.ActiveCfg = Release|Any CPU
		{5AF58E20-4DA0-4412-A29C-049BB6D9E873}.Release|Any CPU.Build.0 = Release|Any CPU
		{5AF58E20-4DA0-4412-A29C-049BB6D9E873}.Release|x64.ActiveCfg = Release|Any CPU
		{5AF58E20-4DA0-4412-A29C-049BB6D9E873}.Release|x64.Build.0 = Release|Any CPU
		{5AF58E20-4DA0-4412-A29C-049BB6D9E873}.Release|x86.ActiveCfg = Release|Any CPU
		{5AF58E20-4DA0-4412-A29C-049BB6D9E873}.Release|x86.Build.0 = Release|Any CPU
		{E0B03FFB-CE72-4012-A87F-7134B4EB83CD}.Debug|Any CPU.ActiveCfg = Debug|Any CPU
		{E0B03FFB-CE72-4012-A87F-7134B4EB83CD}.Debug|Any CPU.Build.0 = Debug|Any CPU
		{E0B03FFB-CE72-4012-A87F-7134B4EB83CD}.Debug|x64.ActiveCfg = Debug|Any CPU
		{E0B03FFB-CE72-4012-A87F-7134B4EB83CD}.Debug|x64.Build.0 = Debug|Any CPU
		{E0B03FFB-CE72-4012-A87F-7134B4EB83CD}.Debug|x86.ActiveCfg = Debug|Any CPU
		{E0B03FFB-CE72-4012-A87F-7134B4EB83CD}.Debug|x86.Build.0 = Debug|Any CPU
		{E0B03FFB-CE72-4012-A87F-7134B4EB83CD}.Release|Any CPU.ActiveCfg = Release|Any CPU
		{E0B03FFB-CE72-4012-A87F-7134B4EB83CD}.Release|Any CPU.Build.0 = Release|Any CPU
		{E0B03FFB-CE72-4012-A87F-7134B4EB83CD}.Release|x64.ActiveCfg = Release|Any CPU
		{E0B03FFB-CE72-4012-A87F-7134B4EB83CD}.Release|x64.Build.0 = Release|Any CPU
		{E0B03FFB-CE72-4012-A87F-7134B4EB83CD}.Release|x86.ActiveCfg = Release|Any CPU
		{E0B03FFB-CE72-4012-A87F-7134B4EB83CD}.Release|x86.Build.0 = Release|Any CPU
		{813AB95B-1E32-4911-BCFB-EDCF11F07646}.Debug|Any CPU.ActiveCfg = Debug|Any CPU
		{813AB95B-1E32-4911-BCFB-EDCF11F07646}.Debug|Any CPU.Build.0 = Debug|Any CPU
		{813AB95B-1E32-4911-BCFB-EDCF11F07646}.Debug|x64.ActiveCfg = Debug|Any CPU
		{813AB95B-1E32-4911-BCFB-EDCF11F07646}.Debug|x64.Build.0 = Debug|Any CPU
		{813AB95B-1E32-4911-BCFB-EDCF11F07646}.Debug|x86.ActiveCfg = Debug|Any CPU
		{813AB95B-1E32-4911-BCFB-EDCF11F07646}.Debug|x86.Build.0 = Debug|Any CPU
		{813AB95B-1E32-4911-BCFB-EDCF11F07646}.Release|Any CPU.ActiveCfg = Release|Any CPU
		{813AB95B-1E32-4911-BCFB-EDCF11F07646}.Release|Any CPU.Build.0 = Release|Any CPU
		{813AB95B-1E32-4911-BCFB-EDCF11F07646}.Release|x64.ActiveCfg = Release|Any CPU
		{813AB95B-1E32-4911-BCFB-EDCF11F07646}.Release|x64.Build.0 = Release|Any CPU
		{813AB95B-1E32-4911-BCFB-EDCF11F07646}.Release|x86.ActiveCfg = Release|Any CPU
		{813AB95B-1E32-4911-BCFB-EDCF11F07646}.Release|x86.Build.0 = Release|Any CPU
	EndGlobalSection
	GlobalSection(SolutionProperties) = preSolution
		HideSolutionNode = FALSE
	EndGlobalSection
	GlobalSection(NestedProjects) = preSolution
	EndGlobalSection
EndGlobal
